
Microsoft Visual Studio Solution File, Format Version 12.00
# Visual Studio Version 17
VisualStudioVersion = 17.14.37411.7 d17.14
MinimumVisualStudioVersion = 10.0.40219.1
Project("{FAE04EC0-301F-11D3-BF4B-00C04F79EFBC}") = "AI-Resume WebApplication", "AI-Resume WebApplication\AI-Resume WebApplication.csproj", "{FDFB99D5-9399-4C44-B6B9-7F1384CE45CA}"
EndProject
Global
	GlobalSection(SolutionConfigurationPlatforms) = preSolution
		Debug|Any CPU = Debug|Any CPU
		Release|Any CPU = Release|Any CPU
	EndGlobalSection
	GlobalSection(ProjectConfigurationPlatforms) = postSolution
		{FDFB99D5-9399-4C44-B6B9-7F1384CE45CA}.Debug|Any CPU.ActiveCfg = Debug|Any CPU
		{FDFB99D5-9399-4C44-B6B9-7F1384CE45CA}.Debug|Any CPU.Build.0 = Debug|Any CPU
		{FDFB99D5-9399-4C44-B6B9-7F1384CE45CA}.Release|Any CPU.ActiveCfg = Release|Any CPU
		{FDFB99D5-9399-4C44-B6B9-7F1384CE45CA}.Release|Any CPU.Build.0 = Release|Any CPU
	EndGlobalSection
	GlobalSection(SolutionProperties) = preSolution
		HideSolutionNode = FALSE
	EndGlobalSection
	GlobalSection(ExtensibilityGlobals) = postSolution
		SolutionGuid = {AB9883A5-6C86-4208-B560-BBA806A9BE22}
	EndGlobalSection
EndGlobal
